# THIS IS AN AUTOGENERATED FILE. DO NOT EDIT THIS FILE DIRECTLY.
# yarn lockfile v1


asterisk-manager@^0.1.16:
  version "0.1.16"
  resolved "https://registry.yarnpkg.com/asterisk-manager/-/asterisk-manager-0.1.16.tgz#4afc7d669e0ae86f24d2d18b7d91c9fa7044fc36"
  integrity sha512-JxcgSutGhz6B2XtYkqkOI/sRH3hCGHmeNXuqNBw1JMtDMrRzpfuXB0keH4ouRtQPxdb2LIj83RWdR5uVnFim9A==
